// !$*UTF8*$!
{
	archiveVersion = 1;
	classes = {
	};
	objectVersion = 46;
	objects = {

/* Begin PBXBuildFile section */
		18971CED1B4DF9ED0092C9AD /* AppDelegate.swift in Sources */ = {isa = PBXBuildFile; fileRef = 18971CEC1B4DF9ED0092C9AD /* AppDelegate.swift */; };
		18971CEF1B4DF9ED0092C9AD /* ViewController.swift in Sources */ = {isa = PBXBuildFile; fileRef = 18971CEE1B4DF9ED0092C9AD /* ViewController.swift */; };
		18971CF21B4DF9ED0092C9AD /* Main.storyboard in Resources */ = {isa = PBXBuildFile; fileRef = 18971CF01B4DF9ED0092C9AD /* Main.storyboard */; };
		18971CF41B4DF9ED0092C9AD /* Images.xcassets in Resources */ = {isa = PBXBuildFile; fileRef = 18971CF31B4DF9ED0092C9AD /* Images.xcassets */; };
		18971CF71B4DF9ED0092C9AD /* LaunchScreen.xib in Resources */ = {isa = PBXBuildFile; fileRef = 18971CF51B4DF9ED0092C9AD /* LaunchScreen.xib */; };
		18971D031B4DF9ED0092C9AD /* OnTheMapTests.swift in Sources */ = {isa = PBXBuildFile; fileRef = 18971D021B4DF9ED0092C9AD /* OnTheMapTests.swift */; };
/* End PBXBuildFile section */

/* Begin PBXContainerItemProxy section */
		18971CFD1B4DF9ED0092C9AD /* PBXContainerItemProxy */ = {
			isa = PBXContainerItemProxy;
			containerPortal = 18971CDF1B4DF9ED0092C9AD /* Project object */;
			proxyType = 1;
			remoteGlobalIDString = 18971CE61B4DF9ED0092C9AD;
			remoteInfo = OnTheMap;
		};
/* End PBXContainerItemProxy section */

/* Begin PBXFileReference section */
		18971CE71B4DF9ED0092C9AD /* OnTheMap.app */ = {isa = PBXFileReference; explicitFileType = wrapper.application; includeInIndex = 0; path = OnTheMap.app; sourceTree = BUILT_PRODUCTS_DIR; };
		18971CEB1B4DF9ED0092C9AD /* Info.plist */ = {isa = PBXFileReference; lastKnownFileType = text.plist.xml; path = Info.plist; sourceTree = "<group>"; };
		18971CEC1B4DF9ED0092C9AD /* AppDelegate.swift */ = {isa = PBXFileReference; lastKnownFileType = sourcecode.swift; path = AppDelegate.swift; sourceTree = "<group>"; };
		18971CEE1B4DF9ED0092C9AD /* ViewController.swift */ = {isa = PBXFileReference; lastKnownFileType = sourcecode.swift; path = ViewController.swift; sourceTree = "<group>"; };
		18971CF11B4DF9ED0092C9AD /* Base */ = {isa = PBXFileReference; lastKnownFileType = file.storyboard; name = Base; path = Base.lproj/Main.storyboard; sourceTree = "<group>"; };
		18971CF31B4DF9ED0092C9AD /* Images.xcassets */ = {isa = PBXFileReference; lastKnownFileType = folder.assetcatalog; path = Images.xcassets; sourceTree = "<group>"; };
		18971CF61B4DF9ED0092C9AD /* Base */ = {isa = PBXFileReference; lastKnownFileType = file.xib; name = Base; path = Base.lproj/LaunchScreen.xib; sourceTree = "<group>"; };
		18971CFC1B4DF9ED0092C9AD /* OnTheMapTests.xctest */ = {isa = PBXFileReference; explicitFileType = wrapper.cfbundle; includeInIndex = 0; path = OnTheMapTests.xctest; sourceTree = BUILT_PRODUCTS_DIR; };
		18971D011B4DF9ED0092C9AD /* Info.plist */ = {isa = PBXFileReference; lastKnownFileType = text.plist.xml; path = Info.plist; sourceTree = "<group>"; };
		18971D021B4DF9ED0092C9AD /* OnTheMapTests.swift */ = {isa = PBXFileReference; lastKnownFileType = sourcecode.swift; path = OnTheMapTests.swift; sourceTree = "<group>"; };
/* End PBXFileReference section */

/* Begin PBXFrameworksBuildPhase section */
		18971CE41B4DF9ED0092C9AD /* Frameworks */ = {
			isa = PBXFrameworksBuildPhase;
			buildActionMask = 2147483647;
			files = (
			);
			runOnlyForDeploymentPostprocessing = 0;
		};
		18971CF91B4DF9ED0092C9AD /* Frameworks */ = {
			isa = PBXFrameworksBuildPhase;
			buildActionMask = 2147483647;
			files = (
			);
			runOnlyForDeploymentPostprocessing = 0;
		};
/* End PBXFrameworksBuildPhase section */

/* Begin PBXGroup section */
		18971CDE1B4DF9ED0092C9AD = {
			isa = PBXGroup;
			children = (
				18971CE91B4DF9ED0092C9AD /* OnTheMap */,
				18971CFF1B4DF9ED0092C9AD /* OnTheMapTests */,
				18971CE81B4DF9ED0092C9AD /* Products */,
			);
			sourceTree = "<group>";
		};
		18971CE81B4DF9ED0092C9AD /* Products */ = {
			isa = PBXGroup;
			children = (
				18971CE71B4DF9ED0092C9AD /* OnTheMap.app */,
				18971CFC1B4DF9ED0092C9AD /* OnTheMapTests.xctest */,
			);
			name = Products;
			sourceTree = "<group>";
		};
		18971CE91B4DF9ED0092C9AD /* OnTheMap */ = {
			isa = PBXGroup;
			children = (
				18971CEC1B4DF9ED0092C9AD /* AppDelegate.swift */,
				18971CEE1B4DF9ED0092C9AD /* ViewController.swift */,
				18971CF01B4DF9ED0092C9AD /* Main.storyboard */,
				18971CF31B4DF9ED0092C9AD /* Images.xcassets */,
				18971CF51B4DF9ED0092C9AD /* LaunchScreen.xib */,
				18971CEA1B4DF9ED0092C9AD /* Supporting Files */,
			);
			path = OnTheMap;
			sourceTree = "<group>";
		};
		18971CEA1B4DF9ED0092C9AD /* Supporting Files */ = {
			isa = PBXGroup;
			children = (
				18971CEB1B4DF9ED0092C9AD /* Info.plist */,
			);
			name = "Supporting Files";
			sourceTree = "<group>";
		};
		18971CFF1B4DF9ED0092C9AD /* OnTheMapTests */ = {
			isa = PBXGroup;
			children = (
				18971D021B4DF9ED0092C9AD /* OnTheMapTests.swift */,
				18971D001B4DF9ED0092C9AD /* Supporting Files */,
			);
			path = OnTheMapTests;
			sourceTree = "<group>";
		};
		18971D001B4DF9ED0092C9AD /* Supporting Files */ = {
			isa = PBXGroup;
			children = (
				18971D011B4DF9ED0092C9AD /* Info.plist */,
			);
			name = "Supporting Files";
			sourceTree = "<group>";
		};
/* End PBXGroup section */

/* Begin PBXNativeTarget section */
		18971CE61B4DF9ED0092C9AD /* OnTheMap */ = {
			isa = PBXNativeTarget;
			buildConfigurationList = 18971D061B4DF9ED0092C9AD /* Build configuration list for PBXNativeTarget "OnTheMap" */;
			buildPhases = (
				18971CE31B4DF9ED0092C9AD /* Sources */,
				18971CE41B4DF9ED0092C9AD /* Frameworks */,
				18971CE51B4DF9ED0092C9AD /* Resources */,
			);
			buildRules = (
			);
			dependencies = (
			);
			name = OnTheMap;
			productName = OnTheMap;
			productReference = 18971CE71B4DF9ED0092C9AD /* OnTheMap.app */;
			productType = "com.apple.product-type.application";
		};
		18971CFB1B4DF9ED0092C9AD /* OnTheMapTests */ = {
			isa = PBXNativeTarget;
			buildConfigurationList = 18971D091B4DF9ED0092C9AD /* Build configuration list for PBXNativeTarget "OnTheMapTests" */;
			buildPhases = (
				18971CF81B4DF9ED0092C9AD /* Sources */,
				18971CF91B4DF9ED0092C9AD /* Frameworks */,
				18971CFA1B4DF9ED0092C9AD /* Resources */,
			);
			buildRules = (
			);
			dependencies = (
				18971CFE1B4DF9ED0092C9AD /* PBXTargetDependency */,
			);
			name = OnTheMapTests;
			productName = OnTheMapTests;
			productReference = 18971CFC1B4DF9ED0092C9AD /* OnTheMapTests.xctest */;
			productType = "com.apple.product-type.bundle.unit-test";
		};
/* End PBXNativeTarget section */

/* Begin PBXProject section */
		18971CDF1B4DF9ED0092C9AD /* Project object */ = {
			isa = PBXProject;
			attributes = {
				LastUpgradeCheck = 0640;
				ORGANIZATIONNAME = PropiedadFacil;
				TargetAttributes = {
					18971CE61B4DF9ED0092C9AD = {
						CreatedOnToolsVersion = 6.4;
					};
					18971CFB1B4DF9ED0092C9AD = {
						CreatedOnToolsVersion = 6.4;
						TestTargetID = 18971CE61B4DF9ED0092C9AD;
					};
				};
			};
			buildConfigurationList = 18971CE21B4DF9ED0092C9AD /* Build configuration list for PBXProject "OnTheMap" */;
			compatibilityVersion = "Xcode 3.2";
			developmentRegion = English;
			hasScannedForEncodings = 0;
			knownRegions = (
				en,
				Base,
			);
			mainGroup = 18971CDE1B4DF9ED0092C9AD;
			productRefGroup = 18971CE81B4DF9ED0092C9AD /* Products */;
			projectDirPath = "";
			projectRoot = "";
			targets = (
				18971CE61B4DF9ED0092C9AD /* OnTheMap */,
				18971CFB1B4DF9ED0092C9AD /* OnTheMapTests */,
			);
		};
/* End PBXProject section */

/* Begin PBXResourcesBuildPhase section */
		18971CE51B4DF9ED0092C9AD /* Resources */ = {
			isa = PBXResourcesBuildPhase;
			buildActionMask = 2147483647;
			files = (
				18971CF21B4DF9ED0092C9AD /* Main.storyboard in Resources */,
				18971CF71B4DF9ED0092C9AD /* LaunchScreen.xib in Resources */,
				18971CF41B4DF9ED0092C9AD /* Images.xcassets in Resources */,
			);
			runOnlyForDeploymentPostprocessing = 0;
		};
		18971CFA1B4DF9ED0092C9AD /* Resources */ = {
			isa = PBXResourcesBuildPhase;
			buildActionMask = 2147483647;
			files = (
			);
			runOnlyForDeploymentPostprocessing = 0;
		};
/* End PBXResourcesBuildPhase section */

/* Begin PBXSourcesBuildPhase section */
		18971CE31B4DF9ED0092C9AD /* Sources */ = {
			isa = PBXSourcesBuildPhase;
			buildActionMask = 2147483647;
			files = (
				18971CEF1B4DF9ED0092C9AD /* ViewController.swift in Sources */,
				18971CED1B4DF9ED0092C9AD /* AppDelegate.swift in Sources */,
			);
			runOnlyForDeploymentPostprocessing = 0;
		};
		18971CF81B4DF9ED0092C9AD /* Sources */ = {
			isa = PBXSourcesBuildPhase;
			buildActionMask = 2147483647;
			files = (
				18971D031B4DF9ED0092C9AD /* OnTheMapTests.swift in Sources */,
			);
			runOnlyForDeploymentPostprocessing = 0;
		};
/* End PBXSourcesBuildPhase section */

/* Begin PBXTargetDependency section */
		18971CFE1B4DF9ED0092C9AD /* PBXTargetDependency */ = {
			isa = PBXTargetDependency;
			target = 18971CE61B4DF9ED0092C9AD /* OnTheMap */;
			targetProxy = 18971CFD1B4DF9ED0092C9AD /* PBXContainerItemProxy */;
		};
/* End PBXTargetDependency section */

/* Begin PBXVariantGroup section */
		18971CF01B4DF9ED0092C9AD /* Main.storyboard */ = {
			isa = PBXVariantGroup;
			children = (
				18971CF11B4DF9ED0092C9AD /* Base */,
			);
			name = Main.storyboard;
			sourceTree = "<group>";
		};
		18971CF51B4DF9ED0092C9AD /* LaunchScreen.xib */ = {
			isa = PBXVariantGroup;
			children = (
				18971CF61B4DF9ED0092C9AD /* Base */,
			);
			name = LaunchScreen.xib;
			sourceTree = "<group>";
		};
/* End PBXVariantGroup section */

/* Begin XCBuildConfiguration section */
		18971D041B4DF9ED0092C9AD /* Debug */ = {
			isa = XCBuildConfiguration;
			buildSettings = {
				ALWAYS_SEARCH_USER_PATHS = NO;
				CLANG_CXX_LANGUAGE_STANDARD = "gnu++0x";
				CLANG_CXX_LIBRARY = "libc++";
				CLANG_ENABLE_MODULES = YES;
				CLANG_ENABLE_OBJC_ARC = YES;
				CLANG_WARN_BOOL_CONVERSION = YES;
				CLANG_WARN_CONSTANT_CONVERSION = YES;
				CLANG_WARN_DIRECT_OBJC_ISA_USAGE = YES_ERROR;
				CLANG_WARN_EMPTY_BODY = YES;
				CLANG_WARN_ENUM_CONVERSION = YES;
				CLANG_WARN_INT_CONVERSION = YES;
				CLANG_WARN_OBJC_ROOT_CLASS = YES_ERROR;
				CLANG_WARN_UNREACHABLE_CODE = YES;
				CLANG_WARN__DUPLICATE_METHOD_MATCH = YES;
				"CODE_SIGN_IDENTITY[sdk=iphoneos*]" = "iPhone Developer";
				COPY_PHASE_STRIP = NO;
				DEBUG_INFORMATION_FORMAT = "dwarf-with-dsym";
				ENABLE_STRICT_OBJC_MSGSEND = YES;
				GCC_C_LANGUAGE_STANDARD = gnu99;
				GCC_DYNAMIC_NO_PIC = NO;
				GCC_NO_COMMON_BLOCKS = YES;
				GCC_OPTIMIZATION_LEVEL = 0;
				GCC_PREPROCESSOR_DEFINITIONS = (
					"DEBUG=1",
					"$(inherited)",
				);
				GCC_SYMBOLS_PRIVATE_EXTERN = NO;
				GCC_WARN_64_TO_32_BIT_CONVERSION = YES;
				GCC_WARN_ABOUT_RETURN_TYPE = YES_ERROR;
				GCC_WARN_UNDECLARED_SELECTOR = YES;
				GCC_WARN_UNINITIALIZED_AUTOS = YES_AGGRESSIVE;
				GCC_WARN_UNUSED_FUNCTION = YES;
				GCC_WARN_UNUSED_VARIABLE = YES;
				IPHONEOS_DEPLOYMENT_TARGET = 8.4;
				MTL_ENABLE_DEBUG_INFO = YES;
				ONLY_ACTIVE_ARCH = YES;
				SDKROOT = iphoneos;
				SWIFT_OPTIMIZATION_LEVEL = "-Onone";
			};
			name = Debug;
		};
		18971D051B4DF9ED0092C9AD /* Release */ = {
			isa = XCBuildConfiguration;
			buildSettings = {
				ALWAYS_SEARCH_USER_PATHS = NO;
				CLANG_CXX_LANGUAGE_STANDARD = "gnu++0x";
				CLANG_CXX_LIBRARY = "libc++";
				CLANG_ENABLE_MODULES = YES;
				CLANG_ENABLE_OBJC_ARC = YES;
				CLANG_WARN_BOOL_CONVERSION = YES;
				CLANG_WARN_CONSTANT_CONVERSION = YES;
				CLANG_WARN_DIRECT_OBJC_ISA_USAGE = YES_ERROR;
				CLANG_WARN_EMPTY_BODY = YES;
				CLANG_WARN_ENUM_CONVERSION = YES;
				CLANG_WARN_INT_CONVERSION = YES;
				CLANG_WARN_OBJC_ROOT_CLASS = YES_ERROR;
				CLANG_WARN_UNREACHABLE_CODE = YES;
				CLANG_WARN__DUPLICATE_METHOD_MATCH = YES;
				"CODE_SIGN_IDENTITY[sdk=iphoneos*]" = "iPhone Developer";
				COPY_PHASE_STRIP = NO;
				DEBUG_INFORMATION_FORMAT = "dwarf-with-dsym";
				ENABLE_NS_ASSERTIONS = NO;
				ENABLE_STRICT_OBJC_MSGSEND = YES;
				GCC_C_LANGUAGE_STANDARD = gnu99;
				GCC_NO_COMMON_BLOCKS = YES;
				GCC_WARN_64_TO_32_BIT_CONVERSION = YES;
				GCC_WARN_ABOUT_RETURN_TYPE = YES_ERROR;
				GCC_WARN_UNDECLARED_SELECTOR = YES;
				GCC_WARN_UNINITIALIZED_AUTOS = YES_AGGRESSIVE;
				GCC_WARN_UNUSED_FUNCTION = YES;
				GCC_WARN_UNUSED_VARIABLE = YES;
				IPHONEOS_DEPLOYMENT_TARGET = 8.4;
				MTL_ENABLE_DEBUG_INFO = NO;
				SDKROOT = iphoneos;
				VALIDATE_PRODUCT = YES;
			};
			name = Release;
		};
		18971D071B4DF9ED0092C9AD /* Debug */ = {
			isa = XCBuildConfiguration;
			buildSettings = {
				ASSETCATALOG_COMPILER_APPICON_NAME = AppIcon;
				INFOPLIST_FILE = OnTheMap/Info.plist;
				LD_RUNPATH_SEARCH_PATHS = "$(inherited) @executable_path/Frameworks";
				PRODUCT_NAME = "$(TARGET_NAME)";
			};
			name = Debug;
		};
		18971D081B4DF9ED0092C9AD /* Release */ = {
			isa = XCBuildConfiguration;
			buildSettings = {
				ASSETCATALOG_COMPILER_APPICON_NAME = AppIcon;
				INFOPLIST_FILE = OnTheMap/Info.plist;
				LD_RUNPATH_SEARCH_PATHS = "$(inherited) @executable_path/Frameworks";
				PRODUCT_NAME = "$(TARGET_NAME)";
			};
			name = Release;
		};
		18971D0A1B4DF9ED0092C9AD /* Debug */ = {
			isa = XCBuildConfiguration;
			buildSettings = {
				BUNDLE_LOADER = "$(TEST_HOST)";
				FRAMEWORK_SEARCH_PATHS = (
					"$(SDKROOT)/Developer/Library/Frameworks",
					"$(inherited)",
				);
				GCC_PREPROCESSOR_DEFINITIONS = (
					"DEBUG=1",
					"$(inherited)",
				);
				INFOPLIST_FILE = OnTheMapTests/Info.plist;
				LD_RUNPATH_SEARCH_PATHS = "$(inherited) @executable_path/Frameworks @loader_path/Frameworks";
				PRODUCT_NAME = "$(TARGET_NAME)";
				TEST_HOST = "$(BUILT_PRODUCTS_DIR)/OnTheMap.app/OnTheMap";
			};
			name = Debug;
		};
		18971D0B1B4DF9ED0092C9AD /* Release */ = {
			isa = XCBuildConfiguration;
			buildSettings = {
				BUNDLE_LOADER = "$(TEST_HOST)";
				FRAMEWORK_SEARCH_PATHS = (
					"$(SDKROOT)/Developer/Library/Frameworks",
					"$(inherited)",
				);
				INFOPLIST_FILE = OnTheMapTests/Info.plist;
				LD_RUNPATH_SEARCH_PATHS = "$(inherited) @executable_path/Frameworks @loader_path/Frameworks";
				PRODUCT_NAME = "$(TARGET_NAME)";
				TEST_HOST = "$(BUILT_PRODUCTS_DIR)/OnTheMap.app/OnTheMap";
			};
			name = Release;
		};
/* End XCBuildConfiguration section */

/* Begin XCConfigurationList section */
		18971CE21B4DF9ED0092C9AD /* Build configuration list for PBXProject "OnTheMap" */ = {
			isa = XCConfigurationList;
			buildConfigurations = (
				18971D041B4DF9ED0092C9AD /* Debug */,
				18971D051B4DF9ED0092C9AD /* Release */,
			);
			defaultConfigurationIsVisible = 0;
			defaultConfigurationName = Release;
		};
		18971D061B4DF9ED0092C9AD /* Build configuration list for PBXNativeTarget "OnTheMap" */ = {
			isa = XCConfigurationList;
			buildConfigurations = (
				18971D071B4DF9ED0092C9AD /* Debug */,
				18971D081B4DF9ED0092C9AD /* Release */,
			);
			defaultConfigurationIsVisible = 0;
		};
		18971D091B4DF9ED0092C9AD /* Build configuration list for PBXNativeTarget "OnTheMapTests" */ = {
			isa = XCConfigurationList;
			buildConfigurations = (
				18971D0A1B4DF9ED0092C9AD /* Debug */,
				18971D0B1B4DF9ED0092C9AD /* Release */,
			);
			defaultConfigurationIsVisible = 0;
		};
/* End XCConfigurationList section */
	};
	rootObject = 18971CDF1B4DF9ED0092C9AD /* Project object */;
}
